
Microsoft Visual Studio Solution File, Format Version 12.00
# Visual Studio Version 16
VisualStudioVersion = 16.0.32106.194
MinimumVisualStudioVersion = 10.0.40219.1
Project("{FAE04EC0-301F-11D3-BF4B-00C04F79EFBC}") = "SurviveTheWoods", "SurviveTheWoods\SurviveTheWoods.csproj", "{1E4339B5-279E-471E-9664-200D759A8407}"
EndProject
Global
	GlobalSection(SolutionConfigurationPlatforms) = preSolution
		Debug|Any CPU = Debug|Any CPU
		Release|Any CPU = Release|Any CPU
	EndGlobalSection
	GlobalSection(ProjectConfigurationPlatforms) = postSolution
		{1E4339B5-279E-471E-9664-200D759A8407}.Debug|Any CPU.ActiveCfg = Debug|Any CPU
		{1E4339B5-279E-471E-9664-200D759A8407}.Debug|Any CPU.Build.0 = Debug|Any CPU
		{1E4339B5-279E-471E-9664-200D759A8407}.Release|Any CPU.ActiveCfg = Release|Any CPU
		{1E4339B5-279E-471E-9664-200D759A8407}.Release|Any CPU.Build.0 = Release|Any CPU
	EndGlobalSection
	GlobalSection(SolutionProperties) = preSolution
		HideSolutionNode = FALSE
	EndGlobalSection
	GlobalSection(ExtensibilityGlobals) = postSolution
		SolutionGuid = {687FF6A3-53D5-43EA-AA17-5EC9121507CC}
	EndGlobalSection
EndGlobal
